
Microsoft Visual Studio Solution File, Format Version 12.00
# Visual Studio Version 17
VisualStudioVersion = 17.7.34031.279
MinimumVisualStudioVersion = 10.0.40219.1
Project("{FAE04EC0-301F-11D3-BF4B-00C04F79EFBC}") = "project3_stockDisplay", "project2_stockDisplay\project3_stockDisplay.csproj", "{BB489EE5-4973-4878-90B5-D90B1129C21B}"
EndProject
Global
	GlobalSection(SolutionConfigurationPlatforms) = preSolution
		Debug|Any CPU = Debug|Any CPU
		Release|Any CPU = Release|Any CPU
	EndGlobalSection
	GlobalSection(ProjectConfigurationPlatforms) = postSolution
		{BB489EE5-4973-4878-90B5-D90B1129C21B}.Debug|Any CPU.ActiveCfg = Debug|Any CPU
		{BB489EE5-4973-4878-90B5-D90B1129C21B}.Debug|Any CPU.Build.0 = Debug|Any CPU
		{BB489EE5-4973-4878-90B5-D90B1129C21B}.Release|Any CPU.ActiveCfg = Release|Any CPU
		{BB489EE5-4973-4878-90B5-D90B1129C21B}.Release|Any CPU.Build.0 = Release|Any CPU
	EndGlobalSection
	GlobalSection(SolutionProperties) = preSolution
		HideSolutionNode = FALSE
	EndGlobalSection
	GlobalSection(ExtensibilityGlobals) = postSolution
		SolutionGuid = {259510C3-6268-41C1-B60E-5E5E118C5D49}
	EndGlobalSection
EndGlobal
